
Microsoft Visual Studio Solution File, Format Version 12.00
# Visual Studio Version 17
VisualStudioVersion = 17.5.33414.496
MinimumVisualStudioVersion = 10.0.40219.1
Project("{FAE04EC0-301F-11D3-BF4B-00C04F79EFBC}") = "myTravelAPI", "myTravelAPI\myTravelAPI.csproj", "{37E16A81-3A8F-451E-94BA-A93B9150ACF5}"
EndProject
Global
	GlobalSection(SolutionConfigurationPlatforms) = preSolution
		Debug|Any CPU = Debug|Any CPU
		Release|Any CPU = Release|Any CPU
	EndGlobalSection
	GlobalSection(ProjectConfigurationPlatforms) = postSolution
		{37E16A81-3A8F-451E-94BA-A93B9150ACF5}.Debug|Any CPU.ActiveCfg = Debug|Any CPU
		{37E16A81-3A8F-451E-94BA-A93B9150ACF5}.Debug|Any CPU.Build.0 = Debug|Any CPU
		{37E16A81-3A8F-451E-94BA-A93B9150ACF5}.Release|Any CPU.ActiveCfg = Release|Any CPU
		{37E16A81-3A8F-451E-94BA-A93B9150ACF5}.Release|Any CPU.Build.0 = Release|Any CPU
	EndGlobalSection
	GlobalSection(SolutionProperties) = preSolution
		HideSolutionNode = FALSE
	EndGlobalSection
	GlobalSection(ExtensibilityGlobals) = postSolution
		SolutionGuid = {4BC6FF1C-0D2C-445C-8080-3DBB198E189D}
	EndGlobalSection
EndGlobal
